" Generated by vim-plug
" Tue 28 Feb 23:41:08 2023
" :source this file in vim to restore the snapshot
" or execute: vim -S snapshot.vim

silent! let g:plugs['Vim-Jinja2-Syntax'].commit = '2c17843b074b06a835f88587e1023ceff7e2c7d1'
silent! let g:plugs['Zenburn'].commit = '8df765342b2a33c728ce147d6c8e66359378f9d5'
silent! let g:plugs['auto-pairs'].commit = '39f06b873a8449af8ff6a3eee716d3da14d63a76'
silent! let g:plugs['coc.nvim'].commit = 'bbaa1d5d1ff3cbd9d26bb37cfda1a990494c4043'
silent! let g:plugs['editorconfig.nvim'].commit = '5b9e303e1d6f7abfe616ce4cc8d3fffc554790bf'
silent! let g:plugs['fzf'].commit = '3364d4d147ade148d8e5dd67609e46f0ef6c50fc'
silent! let g:plugs['fzf.vim'].commit = 'dc71692255b62d1f67dc55c8e51ab1aa467b1d46'
silent! let g:plugs['nerdcommenter'].commit = 'd069f7fb562fb9eb6911fe23cda7aca2a387043e'
silent! let g:plugs['vim-airline'].commit = '038e3a6ca59f11b3bb6a94087c1792322d1a1d5c'
silent! let g:plugs['vim-airline-themes'].commit = 'dd81554c2231e438f6d0e8056ea38fd0e80ac02a'
silent! let g:plugs['vim-auto-save'].commit = '2e3e54ea4c0fc946c21b0a4ee4c1c295ba736ee8'
silent! let g:plugs['vim-better-whitespace'].commit = '1b22dc57a2751c7afbc6025a7da39b7c22db635d'
silent! let g:plugs['vim-devicons'].commit = '71f239af28b7214eebb60d4ea5bd040291fb7e33'
silent! let g:plugs['vim-easy-align'].commit = '12dd6316974f71ce333e360c0260b4e1f81169c3'
silent! let g:plugs['vim-easymotion'].commit = 'b3cfab2a6302b3b39f53d9fd2cd997e1127d7878'
silent! let g:plugs['vim-indent-guides'].commit = '9a106c73f64b16f898276ca87cd55326a2e5cf4c'
silent! let g:plugs['vim-just'].commit = '838c9096d4c5d64d1000a6442a358746324c2123'
silent! let g:plugs['vim-peekaboo'].commit = 'cc4469c204099c73dd7534531fa8ba271f704831'
silent! let g:plugs['vim-repeat'].commit = '24afe922e6a05891756ecf331f39a1f6743d3d5a'
silent! let g:plugs['vim-signify'].commit = 'a05e63ba72411977f5087c27c1564c9287bfab66'
silent! let g:plugs['vim-slash'].commit = '31aee09b7ea8893a18fa34f65e63e364fc998444'
silent! let g:plugs['vim-surround'].commit = '3d188ed2113431cf8dac77be61b842acb64433d9'
silent! let g:plugs['vim-tmux-navigator'].commit = 'cdd66d6a37d991bba7997d593586fc51a5b37aa8'
silent! let g:plugs['vim-toml'].commit = 'd36caa6b1cf508a4df1c691f915572fc02143258'

PlugUpdate!

